// !$*UTF8*$!
{
	archiveVersion = 1;
	classes = {
	};
	objectVersion = 56;
	objects = {

/* Begin PBXBuildFile section */
		4C37023E2930044100291D81 /* FlightOffersApp.swift in Sources */ = {isa = PBXBuildFile; fileRef = 4C37023D2930044100291D81 /* FlightOffersApp.swift */; };
		4C3702402930044100291D81 /* ContentView.swift in Sources */ = {isa = PBXBuildFile; fileRef = 4C37023F2930044100291D81 /* ContentView.swift */; };
		4C3702422930044300291D81 /* Assets.xcassets in Resources */ = {isa = PBXBuildFile; fileRef = 4C3702412930044300291D81 /* Assets.xcassets */; };
		4C3702452930044300291D81 /* Preview Assets.xcassets in Resources */ = {isa = PBXBuildFile; fileRef = 4C3702442930044300291D81 /* Preview Assets.xcassets */; };
		4C37024F2930044300291D81 /* FlightOffersTests.swift in Sources */ = {isa = PBXBuildFile; fileRef = 4C37024E2930044300291D81 /* FlightOffersTests.swift */; };
		4C3702592930044300291D81 /* FlightOffersUITests.swift in Sources */ = {isa = PBXBuildFile; fileRef = 4C3702582930044300291D81 /* FlightOffersUITests.swift */; };
		4C37025B2930044300291D81 /* FlightOffersUITestsLaunchTests.swift in Sources */ = {isa = PBXBuildFile; fileRef = 4C37025A2930044300291D81 /* FlightOffersUITestsLaunchTests.swift */; };
		4C93E56B29338DAB009A95CD /* OffersModel.swift in Sources */ = {isa = PBXBuildFile; fileRef = 4C93E56A29338DAB009A95CD /* OffersModel.swift */; };
		4C93E56D29338DC9009A95CD /* DataService.swift in Sources */ = {isa = PBXBuildFile; fileRef = 4C93E56C29338DC9009A95CD /* DataService.swift */; };
		4C93E57129338E75009A95CD /* OffersViewModel.swift in Sources */ = {isa = PBXBuildFile; fileRef = 4C93E57029338E75009A95CD /* OffersViewModel.swift */; };
		4C93E5732933D6AA009A95CD /* OfferModel.swift in Sources */ = {isa = PBXBuildFile; fileRef = 4C93E5722933D6AA009A95CD /* OfferModel.swift */; };
		4C93E5752933D6CF009A95CD /* OfferView.swift in Sources */ = {isa = PBXBuildFile; fileRef = 4C93E5742933D6CF009A95CD /* OfferView.swift */; };
		4C93E5772933D71C009A95CD /* OffersView.swift in Sources */ = {isa = PBXBuildFile; fileRef = 4C93E5762933D71C009A95CD /* OffersView.swift */; };
/* End PBXBuildFile section */

/* Begin PBXContainerItemProxy section */
		4C37024B2930044300291D81 /* PBXContainerItemProxy */ = {
			isa = PBXContainerItemProxy;
			containerPortal = 4C3702322930044000291D81 /* Project object */;
			proxyType = 1;
			remoteGlobalIDString = 4C3702392930044000291D81;
			remoteInfo = FlightOffers;
		};
		4C3702552930044300291D81 /* PBXContainerItemProxy */ = {
			isa = PBXContainerItemProxy;
			containerPortal = 4C3702322930044000291D81 /* Project object */;
			proxyType = 1;
			remoteGlobalIDString = 4C3702392930044000291D81;
			remoteInfo = FlightOffers;
		};
/* End PBXContainerItemProxy section */

/* Begin PBXFileReference section */
		4C37023A2930044000291D81 /* FlightOffers.app */ = {isa = PBXFileReference; explicitFileType = wrapper.application; includeInIndex = 0; path = FlightOffers.app; sourceTree = BUILT_PRODUCTS_DIR; };
		4C37023D2930044100291D81 /* FlightOffersApp.swift */ = {isa = PBXFileReference; lastKnownFileType = sourcecode.swift; path = FlightOffersApp.swift; sourceTree = "<group>"; };
		4C37023F2930044100291D81 /* ContentView.swift */ = {isa = PBXFileReference; lastKnownFileType = sourcecode.swift; path = ContentView.swift; sourceTree = "<group>"; };
		4C3702412930044300291D81 /* Assets.xcassets */ = {isa = PBXFileReference; lastKnownFileType = folder.assetcatalog; path = Assets.xcassets; sourceTree = "<group>"; };
		4C3702442930044300291D81 /* Preview Assets.xcassets */ = {isa = PBXFileReference; lastKnownFileType = folder.assetcatalog; path = "Preview Assets.xcassets"; sourceTree = "<group>"; };
		4C37024A2930044300291D81 /* FlightOffersTests.xctest */ = {isa = PBXFileReference; explicitFileType = wrapper.cfbundle; includeInIndex = 0; path = FlightOffersTests.xctest; sourceTree = BUILT_PRODUCTS_DIR; };
		4C37024E2930044300291D81 /* FlightOffersTests.swift */ = {isa = PBXFileReference; lastKnownFileType = sourcecode.swift; path = FlightOffersTests.swift; sourceTree = "<group>"; };
		4C3702542930044300291D81 /* FlightOffersUITests.xctest */ = {isa = PBXFileReference; explicitFileType = wrapper.cfbundle; includeInIndex = 0; path = FlightOffersUITests.xctest; sourceTree = BUILT_PRODUCTS_DIR; };
		4C3702582930044300291D81 /* FlightOffersUITests.swift */ = {isa = PBXFileReference; lastKnownFileType = sourcecode.swift; path = FlightOffersUITests.swift; sourceTree = "<group>"; };
		4C37025A2930044300291D81 /* FlightOffersUITestsLaunchTests.swift */ = {isa = PBXFileReference; lastKnownFileType = sourcecode.swift; path = FlightOffersUITestsLaunchTests.swift; sourceTree = "<group>"; };
		4C93E56A29338DAB009A95CD /* OffersModel.swift */ = {isa = PBXFileReference; lastKnownFileType = sourcecode.swift; path = OffersModel.swift; sourceTree = "<group>"; };
		4C93E56C29338DC9009A95CD /* DataService.swift */ = {isa = PBXFileReference; lastKnownFileType = sourcecode.swift; path = DataService.swift; sourceTree = "<group>"; };
		4C93E57029338E75009A95CD /* OffersViewModel.swift */ = {isa = PBXFileReference; lastKnownFileType = sourcecode.swift; path = OffersViewModel.swift; sourceTree = "<group>"; };
		4C93E5722933D6AA009A95CD /* OfferModel.swift */ = {isa = PBXFileReference; lastKnownFileType = sourcecode.swift; path = OfferModel.swift; sourceTree = "<group>"; };
		4C93E5742933D6CF009A95CD /* OfferView.swift */ = {isa = PBXFileReference; lastKnownFileType = sourcecode.swift; path = OfferView.swift; sourceTree = "<group>"; };
		4C93E5762933D71C009A95CD /* OffersView.swift */ = {isa = PBXFileReference; lastKnownFileType = sourcecode.swift; path = OffersView.swift; sourceTree = "<group>"; };
/* End PBXFileReference section */

/* Begin PBXFrameworksBuildPhase section */
		4C3702372930044000291D81 /* Frameworks */ = {
			isa = PBXFrameworksBuildPhase;
			buildActionMask = 2147483647;
			files = (
			);
			runOnlyForDeploymentPostprocessing = 0;
		};
		4C3702472930044300291D81 /* Frameworks */ = {
			isa = PBXFrameworksBuildPhase;
			buildActionMask = 2147483647;
			files = (
			);
			runOnlyForDeploymentPostprocessing = 0;
		};
		4C3702512930044300291D81 /* Frameworks */ = {
			isa = PBXFrameworksBuildPhase;
			buildActionMask = 2147483647;
			files = (
			);
			runOnlyForDeploymentPostprocessing = 0;
		};
/* End PBXFrameworksBuildPhase section */

/* Begin PBXGroup section */
		4C3702312930044000291D81 = {
			isa = PBXGroup;
			children = (
				4C37023C2930044000291D81 /* FlightOffers */,
				4C37024D2930044300291D81 /* FlightOffersTests */,
				4C3702572930044300291D81 /* FlightOffersUITests */,
				4C37023B2930044000291D81 /* Products */,
			);
			sourceTree = "<group>";
		};
		4C37023B2930044000291D81 /* Products */ = {
			isa = PBXGroup;
			children = (
				4C37023A2930044000291D81 /* FlightOffers.app */,
				4C37024A2930044300291D81 /* FlightOffersTests.xctest */,
				4C3702542930044300291D81 /* FlightOffersUITests.xctest */,
			);
			name = Products;
			sourceTree = "<group>";
		};
		4C37023C2930044000291D81 /* FlightOffers */ = {
			isa = PBXGroup;
			children = (
				4C93E57B2933D7A7009A95CD /* Network */,
				4C93E57A2933D77B009A95CD /* ViewModels */,
				4C93E5792933D776009A95CD /* Models */,
				4C93E5782933D769009A95CD /* Views */,
				4C37023D2930044100291D81 /* FlightOffersApp.swift */,
				4C3702412930044300291D81 /* Assets.xcassets */,
				4C3702432930044300291D81 /* Preview Content */,
			);
			path = FlightOffers;
			sourceTree = "<group>";
		};
		4C3702432930044300291D81 /* Preview Content */ = {
			isa = PBXGroup;
			children = (
				4C3702442930044300291D81 /* Preview Assets.xcassets */,
			);
			path = "Preview Content";
			sourceTree = "<group>";
		};
		4C37024D2930044300291D81 /* FlightOffersTests */ = {
			isa = PBXGroup;
			children = (
				4C37024E2930044300291D81 /* FlightOffersTests.swift */,
			);
			path = FlightOffersTests;
			sourceTree = "<group>";
		};
		4C3702572930044300291D81 /* FlightOffersUITests */ = {
			isa = PBXGroup;
			children = (
				4C3702582930044300291D81 /* FlightOffersUITests.swift */,
				4C37025A2930044300291D81 /* FlightOffersUITestsLaunchTests.swift */,
			);
			path = FlightOffersUITests;
			sourceTree = "<group>";
		};
		4C93E5782933D769009A95CD /* Views */ = {
			isa = PBXGroup;
			children = (
				4C93E5762933D71C009A95CD /* OffersView.swift */,
				4C93E5742933D6CF009A95CD /* OfferView.swift */,
				4C37023F2930044100291D81 /* ContentView.swift */,
			);
			path = Views;
			sourceTree = "<group>";
		};
		4C93E5792933D776009A95CD /* Models */ = {
			isa = PBXGroup;
			children = (
				4C93E56A29338DAB009A95CD /* OffersModel.swift */,
				4C93E5722933D6AA009A95CD /* OfferModel.swift */,
			);
			path = Models;
			sourceTree = "<group>";
		};
		4C93E57A2933D77B009A95CD /* ViewModels */ = {
			isa = PBXGroup;
			children = (
				4C93E57029338E75009A95CD /* OffersViewModel.swift */,
			);
			path = ViewModels;
			sourceTree = "<group>";
		};
		4C93E57B2933D7A7009A95CD /* Network */ = {
			isa = PBXGroup;
			children = (
				4C93E56C29338DC9009A95CD /* DataService.swift */,
			);
			path = Network;
			sourceTree = "<group>";
		};
/* End PBXGroup section */

/* Begin PBXNativeTarget section */
		4C3702392930044000291D81 /* FlightOffers */ = {
			isa = PBXNativeTarget;
			buildConfigurationList = 4C37025E2930044300291D81 /* Build configuration list for PBXNativeTarget "FlightOffers" */;
			buildPhases = (
				4C3702362930044000291D81 /* Sources */,
				4C3702372930044000291D81 /* Frameworks */,
				4C3702382930044000291D81 /* Resources */,
			);
			buildRules = (
			);
			dependencies = (
			);
			name = FlightOffers;
			productName = FlightOffers;
			productReference = 4C37023A2930044000291D81 /* FlightOffers.app */;
			productType = "com.apple.product-type.application";
		};
		4C3702492930044300291D81 /* FlightOffersTests */ = {
			isa = PBXNativeTarget;
			buildConfigurationList = 4C3702612930044300291D81 /* Build configuration list for PBXNativeTarget "FlightOffersTests" */;
			buildPhases = (
				4C3702462930044300291D81 /* Sources */,
				4C3702472930044300291D81 /* Frameworks */,
				4C3702482930044300291D81 /* Resources */,
			);
			buildRules = (
			);
			dependencies = (
				4C37024C2930044300291D81 /* PBXTargetDependency */,
			);
			name = FlightOffersTests;
			productName = FlightOffersTests;
			productReference = 4C37024A2930044300291D81 /* FlightOffersTests.xctest */;
			productType = "com.apple.product-type.bundle.unit-test";
		};
		4C3702532930044300291D81 /* FlightOffersUITests */ = {
			isa = PBXNativeTarget;
			buildConfigurationList = 4C3702642930044300291D81 /* Build configuration list for PBXNativeTarget "FlightOffersUITests" */;
			buildPhases = (
				4C3702502930044300291D81 /* Sources */,
				4C3702512930044300291D81 /* Frameworks */,
				4C3702522930044300291D81 /* Resources */,
			);
			buildRules = (
			);
			dependencies = (
				4C3702562930044300291D81 /* PBXTargetDependency */,
			);
			name = FlightOffersUITests;
			productName = FlightOffersUITests;
			productReference = 4C3702542930044300291D81 /* FlightOffersUITests.xctest */;
			productType = "com.apple.product-type.bundle.ui-testing";
		};
/* End PBXNativeTarget section */

/* Begin PBXProject section */
		4C3702322930044000291D81 /* Project object */ = {
			isa = PBXProject;
			attributes = {
				BuildIndependentTargetsInParallel = 1;
				LastSwiftUpdateCheck = 1410;
				LastUpgradeCheck = 1410;
				TargetAttributes = {
					4C3702392930044000291D81 = {
						CreatedOnToolsVersion = 14.1;
					};
					4C3702492930044300291D81 = {
						CreatedOnToolsVersion = 14.1;
						TestTargetID = 4C3702392930044000291D81;
					};
					4C3702532930044300291D81 = {
						CreatedOnToolsVersion = 14.1;
						TestTargetID = 4C3702392930044000291D81;
					};
				};
			};
			buildConfigurationList = 4C3702352930044000291D81 /* Build configuration list for PBXProject "FlightOffers" */;
			compatibilityVersion = "Xcode 14.0";
			developmentRegion = en;
			hasScannedForEncodings = 0;
			knownRegions = (
				en,
				Base,
			);
			mainGroup = 4C3702312930044000291D81;
			productRefGroup = 4C37023B2930044000291D81 /* Products */;
			projectDirPath = "";
			projectRoot = "";
			targets = (
				4C3702392930044000291D81 /* FlightOffers */,
				4C3702492930044300291D81 /* FlightOffersTests */,
				4C3702532930044300291D81 /* FlightOffersUITests */,
			);
		};
/* End PBXProject section */

/* Begin PBXResourcesBuildPhase section */
		4C3702382930044000291D81 /* Resources */ = {
			isa = PBXResourcesBuildPhase;
			buildActionMask = 2147483647;
			files = (
				4C3702452930044300291D81 /* Preview Assets.xcassets in Resources */,
				4C3702422930044300291D81 /* Assets.xcassets in Resources */,
			);
			runOnlyForDeploymentPostprocessing = 0;
		};
		4C3702482930044300291D81 /* Resources */ = {
			isa = PBXResourcesBuildPhase;
			buildActionMask = 2147483647;
			files = (
			);
			runOnlyForDeploymentPostprocessing = 0;
		};
		4C3702522930044300291D81 /* Resources */ = {
			isa = PBXResourcesBuildPhase;
			buildActionMask = 2147483647;
			files = (
			);
			runOnlyForDeploymentPostprocessing = 0;
		};
/* End PBXResourcesBuildPhase section */

/* Begin PBXSourcesBuildPhase section */
		4C3702362930044000291D81 /* Sources */ = {
			isa = PBXSourcesBuildPhase;
			buildActionMask = 2147483647;
			files = (
				4C3702402930044100291D81 /* ContentView.swift in Sources */,
				4C93E5752933D6CF009A95CD /* OfferView.swift in Sources */,
				4C93E57129338E75009A95CD /* OffersViewModel.swift in Sources */,
				4C93E5772933D71C009A95CD /* OffersView.swift in Sources */,
				4C93E5732933D6AA009A95CD /* OfferModel.swift in Sources */,
				4C93E56B29338DAB009A95CD /* OffersModel.swift in Sources */,
				4C37023E2930044100291D81 /* FlightOffersApp.swift in Sources */,
				4C93E56D29338DC9009A95CD /* DataService.swift in Sources */,
			);
			runOnlyForDeploymentPostprocessing = 0;
		};
		4C3702462930044300291D81 /* Sources */ = {
			isa = PBXSourcesBuildPhase;
			buildActionMask = 2147483647;
			files = (
				4C37024F2930044300291D81 /* FlightOffersTests.swift in Sources */,
			);
			runOnlyForDeploymentPostprocessing = 0;
		};
		4C3702502930044300291D81 /* Sources */ = {
			isa = PBXSourcesBuildPhase;
			buildActionMask = 2147483647;
			files = (
				4C3702592930044300291D81 /* FlightOffersUITests.swift in Sources */,
				4C37025B2930044300291D81 /* FlightOffersUITestsLaunchTests.swift in Sources */,
			);
			runOnlyForDeploymentPostprocessing = 0;
		};
/* End PBXSourcesBuildPhase section */

/* Begin PBXTargetDependency section */
		4C37024C2930044300291D81 /* PBXTargetDependency */ = {
			isa = PBXTargetDependency;
			target = 4C3702392930044000291D81 /* FlightOffers */;
			targetProxy = 4C37024B2930044300291D81 /* PBXContainerItemProxy */;
		};
		4C3702562930044300291D81 /* PBXTargetDependency */ = {
			isa = PBXTargetDependency;
			target = 4C3702392930044000291D81 /* FlightOffers */;
			targetProxy = 4C3702552930044300291D81 /* PBXContainerItemProxy */;
		};
/* End PBXTargetDependency section */

/* Begin XCBuildConfiguration section */
		4C37025C2930044300291D81 /* Debug */ = {
			isa = XCBuildConfiguration;
			buildSettings = {
				ALWAYS_SEARCH_USER_PATHS = NO;
				CLANG_ANALYZER_NONNULL = YES;
				CLANG_ANALYZER_NUMBER_OBJECT_CONVERSION = YES_AGGRESSIVE;
				CLANG_CXX_LANGUAGE_STANDARD = "gnu++20";
				CLANG_ENABLE_MODULES = YES;
				CLANG_ENABLE_OBJC_ARC = YES;
				CLANG_ENABLE_OBJC_WEAK = YES;
				CLANG_WARN_BLOCK_CAPTURE_AUTORELEASING = YES;
				CLANG_WARN_BOOL_CONVERSION = YES;
				CLANG_WARN_COMMA = YES;
				CLANG_WARN_CONSTANT_CONVERSION = YES;
				CLANG_WARN_DEPRECATED_OBJC_IMPLEMENTATIONS = YES;
				CLANG_WARN_DIRECT_OBJC_ISA_USAGE = YES_ERROR;
				CLANG_WARN_DOCUMENTATION_COMMENTS = YES;
				CLANG_WARN_EMPTY_BODY = YES;
				CLANG_WARN_ENUM_CONVERSION = YES;
				CLANG_WARN_INFINITE_RECURSION = YES;
				CLANG_WARN_INT_CONVERSION = YES;
				CLANG_WARN_NON_LITERAL_NULL_CONVERSION = YES;
				CLANG_WARN_OBJC_IMPLICIT_RETAIN_SELF = YES;
				CLANG_WARN_OBJC_LITERAL_CONVERSION = YES;
				CLANG_WARN_OBJC_ROOT_CLASS = YES_ERROR;
				CLANG_WARN_QUOTED_INCLUDE_IN_FRAMEWORK_HEADER = YES;
				CLANG_WARN_RANGE_LOOP_ANALYSIS = YES;
				CLANG_WARN_STRICT_PROTOTYPES = YES;
				CLANG_WARN_SUSPICIOUS_MOVE = YES;
				CLANG_WARN_UNGUARDED_AVAILABILITY = YES_AGGRESSIVE;
				CLANG_WARN_UNREACHABLE_CODE = YES;
				CLANG_WARN__DUPLICATE_METHOD_MATCH = YES;
				COPY_PHASE_STRIP = NO;
				DEBUG_INFORMATION_FORMAT = dwarf;
				ENABLE_STRICT_OBJC_MSGSEND = YES;
				ENABLE_TESTABILITY = YES;
				GCC_C_LANGUAGE_STANDARD = gnu11;
				GCC_DYNAMIC_NO_PIC = NO;
				GCC_NO_COMMON_BLOCKS = YES;
				GCC_OPTIMIZATION_LEVEL = 0;
				GCC_PREPROCESSOR_DEFINITIONS = (
					"DEBUG=1",
					"$(inherited)",
				);
				GCC_WARN_64_TO_32_BIT_CONVERSION = YES;
				GCC_WARN_ABOUT_RETURN_TYPE = YES_ERROR;
				GCC_WARN_UNDECLARED_SELECTOR = YES;
				GCC_WARN_UNINITIALIZED_AUTOS = YES_AGGRESSIVE;
				GCC_WARN_UNUSED_FUNCTION = YES;
				GCC_WARN_UNUSED_VARIABLE = YES;
				IPHONEOS_DEPLOYMENT_TARGET = 16.1;
				MTL_ENABLE_DEBUG_INFO = INCLUDE_SOURCE;
				MTL_FAST_MATH = YES;
				ONLY_ACTIVE_ARCH = YES;
				SDKROOT = iphoneos;
				SWIFT_ACTIVE_COMPILATION_CONDITIONS = DEBUG;
				SWIFT_OPTIMIZATION_LEVEL = "-Onone";
			};
			name = Debug;
		};
		4C37025D2930044300291D81 /* Release */ = {
			isa = XCBuildConfiguration;
			buildSettings = {
				ALWAYS_SEARCH_USER_PATHS = NO;
				CLANG_ANALYZER_NONNULL = YES;
				CLANG_ANALYZER_NUMBER_OBJECT_CONVERSION = YES_AGGRESSIVE;
				CLANG_CXX_LANGUAGE_STANDARD = "gnu++20";
				CLANG_ENABLE_MODULES = YES;
				CLANG_ENABLE_OBJC_ARC = YES;
				CLANG_ENABLE_OBJC_WEAK = YES;
				CLANG_WARN_BLOCK_CAPTURE_AUTORELEASING = YES;
				CLANG_WARN_BOOL_CONVERSION = YES;
				CLANG_WARN_COMMA = YES;
				CLANG_WARN_CONSTANT_CONVERSION = YES;
				CLANG_WARN_DEPRECATED_OBJC_IMPLEMENTATIONS = YES;
				CLANG_WARN_DIRECT_OBJC_ISA_USAGE = YES_ERROR;
				CLANG_WARN_DOCUMENTATION_COMMENTS = YES;
				CLANG_WARN_EMPTY_BODY = YES;
				CLANG_WARN_ENUM_CONVERSION = YES;
				CLANG_WARN_INFINITE_RECURSION = YES;
				CLANG_WARN_INT_CONVERSION = YES;
				CLANG_WARN_NON_LITERAL_NULL_CONVERSION = YES;
				CLANG_WARN_OBJC_IMPLICIT_RETAIN_SELF = YES;
				CLANG_WARN_OBJC_LITERAL_CONVERSION = YES;
				CLANG_WARN_OBJC_ROOT_CLASS = YES_ERROR;
				CLANG_WARN_QUOTED_INCLUDE_IN_FRAMEWORK_HEADER = YES;
				CLANG_WARN_RANGE_LOOP_ANALYSIS = YES;
				CLANG_WARN_STRICT_PROTOTYPES = YES;
				CLANG_WARN_SUSPICIOUS_MOVE = YES;
				CLANG_WARN_UNGUARDED_AVAILABILITY = YES_AGGRESSIVE;
				CLANG_WARN_UNREACHABLE_CODE = YES;
				CLANG_WARN__DUPLICATE_METHOD_MATCH = YES;
				COPY_PHASE_STRIP = NO;
				DEBUG_INFORMATION_FORMAT = "dwarf-with-dsym";
				ENABLE_NS_ASSERTIONS = NO;
				ENABLE_STRICT_OBJC_MSGSEND = YES;
				GCC_C_LANGUAGE_STANDARD = gnu11;
				GCC_NO_COMMON_BLOCKS = YES;
				GCC_WARN_64_TO_32_BIT_CONVERSION = YES;
				GCC_WARN_ABOUT_RETURN_TYPE = YES_ERROR;
				GCC_WARN_UNDECLARED_SELECTOR = YES;
				GCC_WARN_UNINITIALIZED_AUTOS = YES_AGGRESSIVE;
				GCC_WARN_UNUSED_FUNCTION = YES;
				GCC_WARN_UNUSED_VARIABLE = YES;
				IPHONEOS_DEPLOYMENT_TARGET = 16.1;
				MTL_ENABLE_DEBUG_INFO = NO;
				MTL_FAST_MATH = YES;
				SDKROOT = iphoneos;
				SWIFT_COMPILATION_MODE = wholemodule;
				SWIFT_OPTIMIZATION_LEVEL = "-O";
				VALIDATE_PRODUCT = YES;
			};
			name = Release;
		};
		4C37025F2930044300291D81 /* Debug */ = {
			isa = XCBuildConfiguration;
			buildSettings = {
				ASSETCATALOG_COMPILER_APPICON_NAME = AppIcon;
				ASSETCATALOG_COMPILER_GLOBAL_ACCENT_COLOR_NAME = AccentColor;
				CODE_SIGN_STYLE = Automatic;
				CURRENT_PROJECT_VERSION = 1;
				DEVELOPMENT_ASSET_PATHS = "\"FlightOffers/Preview Content\"";
				ENABLE_PREVIEWS = YES;
				GENERATE_INFOPLIST_FILE = YES;
				INFOPLIST_KEY_UIApplicationSceneManifest_Generation = YES;
				INFOPLIST_KEY_UIApplicationSupportsIndirectInputEvents = YES;
				INFOPLIST_KEY_UILaunchScreen_Generation = YES;
				INFOPLIST_KEY_UISupportedInterfaceOrientations_iPad = "UIInterfaceOrientationPortrait UIInterfaceOrientationPortraitUpsideDown UIInterfaceOrientationLandscapeLeft UIInterfaceOrientationLandscapeRight";
				INFOPLIST_KEY_UISupportedInterfaceOrientations_iPhone = "UIInterfaceOrientationPortrait UIInterfaceOrientationLandscapeLeft UIInterfaceOrientationLandscapeRight";
				LD_RUNPATH_SEARCH_PATHS = (
					"$(inherited)",
					"@executable_path/Frameworks",
				);
				MARKETING_VERSION = 1.0;
				PRODUCT_BUNDLE_IDENTIFIER = com.TestList.FlightOffers;
				PRODUCT_NAME = "$(TARGET_NAME)";
				SWIFT_EMIT_LOC_STRINGS = YES;
				SWIFT_VERSION = 5.0;
				TARGETED_DEVICE_FAMILY = "1,2";
			};
			name = Debug;
		};
		4C3702602930044300291D81 /* Release */ = {
			isa = XCBuildConfiguration;
			buildSettings = {
				ASSETCATALOG_COMPILER_APPICON_NAME = AppIcon;
				ASSETCATALOG_COMPILER_GLOBAL_ACCENT_COLOR_NAME = AccentColor;
				CODE_SIGN_STYLE = Automatic;
				CURRENT_PROJECT_VERSION = 1;
				DEVELOPMENT_ASSET_PATHS = "\"FlightOffers/Preview Content\"";
				ENABLE_PREVIEWS = YES;
				GENERATE_INFOPLIST_FILE = YES;
				INFOPLIST_KEY_UIApplicationSceneManifest_Generation = YES;
				INFOPLIST_KEY_UIApplicationSupportsIndirectInputEvents = YES;
				INFOPLIST_KEY_UILaunchScreen_Generation = YES;
				INFOPLIST_KEY_UISupportedInterfaceOrientations_iPad = "UIInterfaceOrientationPortrait UIInterfaceOrientationPortraitUpsideDown UIInterfaceOrientationLandscapeLeft UIInterfaceOrientationLandscapeRight";
				INFOPLIST_KEY_UISupportedInterfaceOrientations_iPhone = "UIInterfaceOrientationPortrait UIInterfaceOrientationLandscapeLeft UIInterfaceOrientationLandscapeRight";
				LD_RUNPATH_SEARCH_PATHS = (
					"$(inherited)",
					"@executable_path/Frameworks",
				);
				MARKETING_VERSION = 1.0;
				PRODUCT_BUNDLE_IDENTIFIER = com.TestList.FlightOffers;
				PRODUCT_NAME = "$(TARGET_NAME)";
				SWIFT_EMIT_LOC_STRINGS = YES;
				SWIFT_VERSION = 5.0;
				TARGETED_DEVICE_FAMILY = "1,2";
			};
			name = Release;
		};
		4C3702622930044300291D81 /* Debug */ = {
			isa = XCBuildConfiguration;
			buildSettings = {
				ALWAYS_EMBED_SWIFT_STANDARD_LIBRARIES = YES;
				BUNDLE_LOADER = "$(TEST_HOST)";
				CODE_SIGN_STYLE = Automatic;
				CURRENT_PROJECT_VERSION = 1;
				GENERATE_INFOPLIST_FILE = YES;
				IPHONEOS_DEPLOYMENT_TARGET = 16.1;
				MARKETING_VERSION = 1.0;
				PRODUCT_BUNDLE_IDENTIFIER = com.TestList.FlightOffersTests;
				PRODUCT_NAME = "$(TARGET_NAME)";
				SWIFT_EMIT_LOC_STRINGS = NO;
				SWIFT_VERSION = 5.0;
				TARGETED_DEVICE_FAMILY = "1,2";
				TEST_HOST = "$(BUILT_PRODUCTS_DIR)/FlightOffers.app/$(BUNDLE_EXECUTABLE_FOLDER_PATH)/FlightOffers";
			};
			name = Debug;
		};
		4C3702632930044300291D81 /* Release */ = {
			isa = XCBuildConfiguration;
			buildSettings = {
				ALWAYS_EMBED_SWIFT_STANDARD_LIBRARIES = YES;
				BUNDLE_LOADER = "$(TEST_HOST)";
				CODE_SIGN_STYLE = Automatic;
				CURRENT_PROJECT_VERSION = 1;
				GENERATE_INFOPLIST_FILE = YES;
				IPHONEOS_DEPLOYMENT_TARGET = 16.1;
				MARKETING_VERSION = 1.0;
				PRODUCT_BUNDLE_IDENTIFIER = com.TestList.FlightOffersTests;
				PRODUCT_NAME = "$(TARGET_NAME)";
				SWIFT_EMIT_LOC_STRINGS = NO;
				SWIFT_VERSION = 5.0;
				TARGETED_DEVICE_FAMILY = "1,2";
				TEST_HOST = "$(BUILT_PRODUCTS_DIR)/FlightOffers.app/$(BUNDLE_EXECUTABLE_FOLDER_PATH)/FlightOffers";
			};
			name = Release;
		};
		4C3702652930044300291D81 /* Debug */ = {
			isa = XCBuildConfiguration;
			buildSettings = {
				ALWAYS_EMBED_SWIFT_STANDARD_LIBRARIES = YES;
				CODE_SIGN_STYLE = Automatic;
				CURRENT_PROJECT_VERSION = 1;
				GENERATE_INFOPLIST_FILE = YES;
				MARKETING_VERSION = 1.0;
				PRODUCT_BUNDLE_IDENTIFIER = com.TestList.FlightOffersUITests;
				PRODUCT_NAME = "$(TARGET_NAME)";
				SWIFT_EMIT_LOC_STRINGS = NO;
				SWIFT_VERSION = 5.0;
				TARGETED_DEVICE_FAMILY = "1,2";
				TEST_TARGET_NAME = FlightOffers;
			};
			name = Debug;
		};
		4C3702662930044300291D81 /* Release */ = {
			isa = XCBuildConfiguration;
			buildSettings = {
				ALWAYS_EMBED_SWIFT_STANDARD_LIBRARIES = YES;
				CODE_SIGN_STYLE = Automatic;
				CURRENT_PROJECT_VERSION = 1;
				GENERATE_INFOPLIST_FILE = YES;
				MARKETING_VERSION = 1.0;
				PRODUCT_BUNDLE_IDENTIFIER = com.TestList.FlightOffersUITests;
				PRODUCT_NAME = "$(TARGET_NAME)";
				SWIFT_EMIT_LOC_STRINGS = NO;
				SWIFT_VERSION = 5.0;
				TARGETED_DEVICE_FAMILY = "1,2";
				TEST_TARGET_NAME = FlightOffers;
			};
			name = Release;
		};
/* End XCBuildConfiguration section */

/* Begin XCConfigurationList section */
		4C3702352930044000291D81 /* Build configuration list for PBXProject "FlightOffers" */ = {
			isa = XCConfigurationList;
			buildConfigurations = (
				4C37025C2930044300291D81 /* Debug */,
				4C37025D2930044300291D81 /* Release */,
			);
			defaultConfigurationIsVisible = 0;
			defaultConfigurationName = Release;
		};
		4C37025E2930044300291D81 /* Build configuration list for PBXNativeTarget "FlightOffers" */ = {
			isa = XCConfigurationList;
			buildConfigurations = (
				4C37025F2930044300291D81 /* Debug */,
				4C3702602930044300291D81 /* Release */,
			);
			defaultConfigurationIsVisible = 0;
			defaultConfigurationName = Release;
		};
		4C3702612930044300291D81 /* Build configuration list for PBXNativeTarget "FlightOffersTests" */ = {
			isa = XCConfigurationList;
			buildConfigurations = (
				4C3702622930044300291D81 /* Debug */,
				4C3702632930044300291D81 /* Release */,
			);
			defaultConfigurationIsVisible = 0;
			defaultConfigurationName = Release;
		};
		4C3702642930044300291D81 /* Build configuration list for PBXNativeTarget "FlightOffersUITests" */ = {
			isa = XCConfigurationList;
			buildConfigurations = (
				4C3702652930044300291D81 /* Debug */,
				4C3702662930044300291D81 /* Release */,
			);
			defaultConfigurationIsVisible = 0;
			defaultConfigurationName = Release;
		};
/* End XCConfigurationList section */
	};
	rootObject = 4C3702322930044000291D81 /* Project object */;
}
